
Microsoft Visual Studio Solution File, Format Version 12.00
# Visual Studio Version 17
VisualStudioVersion = 17.11.35327.3
MinimumVisualStudioVersion = 10.0.40219.1
Project("{9A19103F-16F7-4668-BE54-9A1E7A4F7556}") = "Stage0", "Stage0\Stage0.csproj", "{DB4DC543-A9A3-498A-847D-A7144BF60A7B}"
EndProject
Project("{2150E333-8FDC-42A3-9474-1A3956D46DE8}") = "Solution Items", "Solution Items", "{ABF56FD5-7025-4560-99BB-6E90139B4F3E}"
	ProjectSection(SolutionItems) = preProject
		README.md = README.md
	EndProjectSection
EndProject
Project("{FAE04EC0-301F-11D3-BF4B-00C04F79EFBC}") = "DalFacade", "DalFacade\DalFacade.csproj", "{9DD00523-6909-4971-B7AC-2600D345D3D2}"
EndProject
Project("{FAE04EC0-301F-11D3-BF4B-00C04F79EFBC}") = "DalList", "DalList\DalList.csproj", "{C22D7C37-A06B-4B60-A27E-B77C4D1F11AA}"
EndProject
Project("{FAE04EC0-301F-11D3-BF4B-00C04F79EFBC}") = "DalTest", "DalTest\DalTest.csproj", "{178A19E5-9EF0-43B0-83CA-40A1A2535B2D}"
EndProject
Project("{FAE04EC0-301F-11D3-BF4B-00C04F79EFBC}") = "DalXml", "DalXml\DalXml.csproj", "{EB3A4687-037E-40B5-97F8-F5C30A0A1EB4}"
EndProject
Project("{2150E333-8FDC-42A3-9474-1A3956D46DE8}") = "xml", "xml", "{D939713F-2F32-4B7E-8093-9E3D64892379}"
	ProjectSection(SolutionItems) = preProject
		xml\assignments.xml = xml\assignments.xml
		xml\calls.xml = xml\calls.xml
		xml\dal-config.xml = xml\dal-config.xml
		xml\data-config.xml = xml\data-config.xml
		xml\volunteers.xml = xml\volunteers.xml
	EndProjectSection
EndProject
Project("{FAE04EC0-301F-11D3-BF4B-00C04F79EFBC}") = "BL", "BL\BL.csproj", "{EF3E8562-5F14-4070-A1C7-A537F604149F}"
EndProject
Project("{FAE04EC0-301F-11D3-BF4B-00C04F79EFBC}") = "BlTest", "BlTest\BlTest.csproj", "{C3321294-6D01-4C1F-8F27-CA46DB2BA095}"
EndProject
Global
	GlobalSection(SolutionConfigurationPlatforms) = preSolution
		Debug|Any CPU = Debug|Any CPU
		Release|Any CPU = Release|Any CPU
	EndGlobalSection
	GlobalSection(ProjectConfigurationPlatforms) = postSolution
		{DB4DC543-A9A3-498A-847D-A7144BF60A7B}.Debug|Any CPU.ActiveCfg = Debug|Any CPU
		{DB4DC543-A9A3-498A-847D-A7144BF60A7B}.Debug|Any CPU.Build.0 = Debug|Any CPU
		{DB4DC543-A9A3-498A-847D-A7144BF60A7B}.Release|Any CPU.ActiveCfg = Release|Any CPU
		{DB4DC543-A9A3-498A-847D-A7144BF60A7B}.Release|Any CPU.Build.0 = Release|Any CPU
		{9DD00523-6909-4971-B7AC-2600D345D3D2}.Debug|Any CPU.ActiveCfg = Debug|Any CPU
		{9DD00523-6909-4971-B7AC-2600D345D3D2}.Debug|Any CPU.Build.0 = Debug|Any CPU
		{9DD00523-6909-4971-B7AC-2600D345D3D2}.Release|Any CPU.ActiveCfg = Release|Any CPU
		{9DD00523-6909-4971-B7AC-2600D345D3D2}.Release|Any CPU.Build.0 = Release|Any CPU
		{C22D7C37-A06B-4B60-A27E-B77C4D1F11AA}.Debug|Any CPU.ActiveCfg = Debug|Any CPU
		{C22D7C37-A06B-4B60-A27E-B77C4D1F11AA}.Debug|Any CPU.Build.0 = Debug|Any CPU
		{C22D7C37-A06B-4B60-A27E-B77C4D1F11AA}.Release|Any CPU.ActiveCfg = Release|Any CPU
		{C22D7C37-A06B-4B60-A27E-B77C4D1F11AA}.Release|Any CPU.Build.0 = Release|Any CPU
		{178A19E5-9EF0-43B0-83CA-40A1A2535B2D}.Debug|Any CPU.ActiveCfg = Debug|Any CPU
		{178A19E5-9EF0-43B0-83CA-40A1A2535B2D}.Debug|Any CPU.Build.0 = Debug|Any CPU
		{178A19E5-9EF0-43B0-83CA-40A1A2535B2D}.Release|Any CPU.ActiveCfg = Release|Any CPU
		{178A19E5-9EF0-43B0-83CA-40A1A2535B2D}.Release|Any CPU.Build.0 = Release|Any CPU
		{EB3A4687-037E-40B5-97F8-F5C30A0A1EB4}.Debug|Any CPU.ActiveCfg = Debug|Any CPU
		{EB3A4687-037E-40B5-97F8-F5C30A0A1EB4}.Debug|Any CPU.Build.0 = Debug|Any CPU
		{EB3A4687-037E-40B5-97F8-F5C30A0A1EB4}.Release|Any CPU.ActiveCfg = Release|Any CPU
		{EB3A4687-037E-40B5-97F8-F5C30A0A1EB4}.Release|Any CPU.Build.0 = Release|Any CPU
		{EF3E8562-5F14-4070-A1C7-A537F604149F}.Debug|Any CPU.ActiveCfg = Debug|Any CPU
		{EF3E8562-5F14-4070-A1C7-A537F604149F}.Debug|Any CPU.Build.0 = Debug|Any CPU
		{EF3E8562-5F14-4070-A1C7-A537F604149F}.Release|Any CPU.ActiveCfg = Release|Any CPU
		{EF3E8562-5F14-4070-A1C7-A537F604149F}.Release|Any CPU.Build.0 = Release|Any CPU
		{C3321294-6D01-4C1F-8F27-CA46DB2BA095}.Debug|Any CPU.ActiveCfg = Debug|Any CPU
		{C3321294-6D01-4C1F-8F27-CA46DB2BA095}.Debug|Any CPU.Build.0 = Debug|Any CPU
		{C3321294-6D01-4C1F-8F27-CA46DB2BA095}.Release|Any CPU.ActiveCfg = Release|Any CPU
		{C3321294-6D01-4C1F-8F27-CA46DB2BA095}.Release|Any CPU.Build.0 = Release|Any CPU
	EndGlobalSection
	GlobalSection(SolutionProperties) = preSolution
		HideSolutionNode = FALSE
	EndGlobalSection
	GlobalSection(NestedProjects) = preSolution
		{EF3E8562-5F14-4070-A1C7-A537F604149F} = {D939713F-2F32-4B7E-8093-9E3D64892379}
	EndGlobalSection
	GlobalSection(ExtensibilityGlobals) = postSolution
		SolutionGuid = {8B7F56B6-9811-42C2-BCA7-A105786EA0B8}
	EndGlobalSection
EndGlobal
